
Microsoft Visual Studio Solution File, Format Version 12.00
# Visual Studio Version 16
VisualStudioVersion = 16.0.29503.13
MinimumVisualStudioVersion = 10.0.40219.1
Project("{2150E333-8FDC-42A3-9474-1A3956D46DE8}") = "03. Client", "03. Client", "{655225E4-2F4C-4D07-82FB-7B4947EF5A7A}"
EndProject
Project("{2150E333-8FDC-42A3-9474-1A3956D46DE8}") = "01. Solution Items", "01. Solution Items", "{85EB7950-61F2-4B83-9F3E-F74ECCE0D3C8}"
	ProjectSection(SolutionItems) = preProject
		format.appsettings.json = format.appsettings.json
		.github\workflows\WorkflowForApi.yml = .github\workflows\WorkflowForApi.yml
		.github\workflows\WorkflowForWorker.yml = .github\workflows\WorkflowForWorker.yml
	EndProjectSection
EndProject
Project("{2150E333-8FDC-42A3-9474-1A3956D46DE8}") = "02. Tests", "02. Tests", "{7F3DBAA2-139B-401D-A33F-1409A9BB4DE8}"
EndProject
Project("{9A19103F-16F7-4668-BE54-9A1E7A4F7556}") = "Sirius", "src\Sirius\Sirius.csproj", "{D9AE04E2-3801-499E-8E95-6F2B2B4BFB41}"
EndProject
Project("{9A19103F-16F7-4668-BE54-9A1E7A4F7556}") = "Sirius.Client", "src\Sirius.Client\Sirius.Client.csproj", "{9B71FE5F-2279-411C-9920-4159E3635E36}"
EndProject
Project("{9A19103F-16F7-4668-BE54-9A1E7A4F7556}") = "Sirius.TestClient", "tests\Sirius.TestClient\Sirius.TestClient.csproj", "{E68690DB-606F-49CA-9BAB-DF5B5EA2E8F0}"
EndProject
Project("{9A19103F-16F7-4668-BE54-9A1E7A4F7556}") = "Sirius.Domain", "src\Sirius.Domain\Sirius.Domain.csproj", "{C5B92CB1-19C7-4F32-9BA7-774CE86B693A}"
EndProject
Project("{9A19103F-16F7-4668-BE54-9A1E7A4F7556}") = "Sirius.Messages", "src\Sirius.Messages\Sirius.Messages.csproj", "{2E9C5B11-F959-476B-A189-C129F25AC941}"
EndProject
Project("{9A19103F-16F7-4668-BE54-9A1E7A4F7556}") = "Sirius.Worker", "src\Sirius.Worker\Sirius.Worker.csproj", "{7A0C0C96-86E2-4B4C-94B6-797008EEEA57}"
EndProject
Project("{9A19103F-16F7-4668-BE54-9A1E7A4F7556}") = "Sirius.Configuration", "src\Sirius.Configuration\Sirius.Configuration.csproj", "{14FBB439-4F0A-423F-8C37-F3AC19F003A0}"
EndProject
Project("{2150E333-8FDC-42A3-9474-1A3956D46DE8}") = "04.Domain", "04.Domain", "{4A4A66F7-A29D-4BF1-B80C-58D6FF19EA1D}"
EndProject
Project("{2150E333-8FDC-42A3-9474-1A3956D46DE8}") = "05.Repositories", "05.Repositories", "{0F9A6B4B-5F19-4FF3-9601-1DE41C644380}"
EndProject
Project("{FAE04EC0-301F-11D3-BF4B-00C04F79EFBC}") = "Service.Sirius.Repositories", "src\Service.Sirius.Repositories\Service.Sirius.Repositories.csproj", "{EF4166F8-0997-4F47-AFCD-D3615A0EB486}"
EndProject
Global
	GlobalSection(SolutionConfigurationPlatforms) = preSolution
		Debug|Any CPU = Debug|Any CPU
		Release|Any CPU = Release|Any CPU
	EndGlobalSection
	GlobalSection(ProjectConfigurationPlatforms) = postSolution
		{D9AE04E2-3801-499E-8E95-6F2B2B4BFB41}.Debug|Any CPU.ActiveCfg = Debug|Any CPU
		{D9AE04E2-3801-499E-8E95-6F2B2B4BFB41}.Debug|Any CPU.Build.0 = Debug|Any CPU
		{D9AE04E2-3801-499E-8E95-6F2B2B4BFB41}.Release|Any CPU.ActiveCfg = Release|Any CPU
		{D9AE04E2-3801-499E-8E95-6F2B2B4BFB41}.Release|Any CPU.Build.0 = Release|Any CPU
		{9B71FE5F-2279-411C-9920-4159E3635E36}.Debug|Any CPU.ActiveCfg = Debug|Any CPU
		{9B71FE5F-2279-411C-9920-4159E3635E36}.Debug|Any CPU.Build.0 = Debug|Any CPU
		{9B71FE5F-2279-411C-9920-4159E3635E36}.Release|Any CPU.ActiveCfg = Release|Any CPU
		{9B71FE5F-2279-411C-9920-4159E3635E36}.Release|Any CPU.Build.0 = Release|Any CPU
		{E68690DB-606F-49CA-9BAB-DF5B5EA2E8F0}.Debug|Any CPU.ActiveCfg = Debug|Any CPU
		{E68690DB-606F-49CA-9BAB-DF5B5EA2E8F0}.Debug|Any CPU.Build.0 = Debug|Any CPU
		{E68690DB-606F-49CA-9BAB-DF5B5EA2E8F0}.Release|Any CPU.ActiveCfg = Release|Any CPU
		{E68690DB-606F-49CA-9BAB-DF5B5EA2E8F0}.Release|Any CPU.Build.0 = Release|Any CPU
		{C5B92CB1-19C7-4F32-9BA7-774CE86B693A}.Debug|Any CPU.ActiveCfg = Debug|Any CPU
		{C5B92CB1-19C7-4F32-9BA7-774CE86B693A}.Debug|Any CPU.Build.0 = Debug|Any CPU
		{C5B92CB1-19C7-4F32-9BA7-774CE86B693A}.Release|Any CPU.ActiveCfg = Release|Any CPU
		{C5B92CB1-19C7-4F32-9BA7-774CE86B693A}.Release|Any CPU.Build.0 = Release|Any CPU
		{2E9C5B11-F959-476B-A189-C129F25AC941}.Debug|Any CPU.ActiveCfg = Debug|Any CPU
		{2E9C5B11-F959-476B-A189-C129F25AC941}.Debug|Any CPU.Build.0 = Debug|Any CPU
		{2E9C5B11-F959-476B-A189-C129F25AC941}.Release|Any CPU.ActiveCfg = Release|Any CPU
		{2E9C5B11-F959-476B-A189-C129F25AC941}.Release|Any CPU.Build.0 = Release|Any CPU
		{7A0C0C96-86E2-4B4C-94B6-797008EEEA57}.Debug|Any CPU.ActiveCfg = Debug|Any CPU
		{7A0C0C96-86E2-4B4C-94B6-797008EEEA57}.Debug|Any CPU.Build.0 = Debug|Any CPU
		{7A0C0C96-86E2-4B4C-94B6-797008EEEA57}.Release|Any CPU.ActiveCfg = Release|Any CPU
		{7A0C0C96-86E2-4B4C-94B6-797008EEEA57}.Release|Any CPU.Build.0 = Release|Any CPU
		{14FBB439-4F0A-423F-8C37-F3AC19F003A0}.Debug|Any CPU.ActiveCfg = Debug|Any CPU
		{14FBB439-4F0A-423F-8C37-F3AC19F003A0}.Debug|Any CPU.Build.0 = Debug|Any CPU
		{14FBB439-4F0A-423F-8C37-F3AC19F003A0}.Release|Any CPU.ActiveCfg = Release|Any CPU
		{14FBB439-4F0A-423F-8C37-F3AC19F003A0}.Release|Any CPU.Build.0 = Release|Any CPU
		{EF4166F8-0997-4F47-AFCD-D3615A0EB486}.Debug|Any CPU.ActiveCfg = Debug|Any CPU
		{EF4166F8-0997-4F47-AFCD-D3615A0EB486}.Debug|Any CPU.Build.0 = Debug|Any CPU
		{EF4166F8-0997-4F47-AFCD-D3615A0EB486}.Release|Any CPU.ActiveCfg = Release|Any CPU
		{EF4166F8-0997-4F47-AFCD-D3615A0EB486}.Release|Any CPU.Build.0 = Release|Any CPU
	EndGlobalSection
	GlobalSection(SolutionProperties) = preSolution
		HideSolutionNode = FALSE
	EndGlobalSection
	GlobalSection(NestedProjects) = preSolution
		{9B71FE5F-2279-411C-9920-4159E3635E36} = {655225E4-2F4C-4D07-82FB-7B4947EF5A7A}
		{E68690DB-606F-49CA-9BAB-DF5B5EA2E8F0} = {7F3DBAA2-139B-401D-A33F-1409A9BB4DE8}
		{C5B92CB1-19C7-4F32-9BA7-774CE86B693A} = {4A4A66F7-A29D-4BF1-B80C-58D6FF19EA1D}
		{2E9C5B11-F959-476B-A189-C129F25AC941} = {655225E4-2F4C-4D07-82FB-7B4947EF5A7A}
		{14FBB439-4F0A-423F-8C37-F3AC19F003A0} = {4A4A66F7-A29D-4BF1-B80C-58D6FF19EA1D}
		{EF4166F8-0997-4F47-AFCD-D3615A0EB486} = {0F9A6B4B-5F19-4FF3-9601-1DE41C644380}
	EndGlobalSection
	GlobalSection(ExtensibilityGlobals) = postSolution
		SolutionGuid = {196C39E2-2F2E-46AB-BA2A-0D2E7E171B5A}
	EndGlobalSection
EndGlobal
